# @generated - this file is auto-generated by `mise lock` https://mise.jdx.dev/dev-tools/mise-lock.html

[[tools.ruby]]
version = "3.3.4"
backend = "core:ruby"

[tools.ruby.options]
compile = "false"
precompiled_url = "jdx/ruby"
ruby_build_repo = "https://github.com/rbenv/ruby-build.git"
ruby_install = "false"

[tools.ruby."platforms.linux-arm64"]
checksum = "sha256:5f6f79bb8dc905eb6316b21e79a558b061b98b831be89b1ad45f98717fd3ef81"
url = "https://github.com/jdx/ruby/releases/download/3.3.4-4/ruby-3.3.4.arm64_linux.tar.gz"
provenance = "github-attestations"

[tools.ruby."platforms.linux-arm64-musl"]
checksum = "sha256:5f6f79bb8dc905eb6316b21e79a558b061b98b831be89b1ad45f98717fd3ef81"
url = "https://github.com/jdx/ruby/releases/download/3.3.4-4/ruby-3.3.4.arm64_linux.tar.gz"
provenance = "github-attestations"

[tools.ruby."platforms.linux-x64"]
checksum = "sha256:ef6228582e85cac460d575236f00f5ba60fb2650c142ddd1b9026ebf03bc2d43"
url = "https://github.com/jdx/ruby/releases/download/3.3.4-4/ruby-3.3.4.x86_64_linux.tar.gz"
provenance = "github-attestations"

[tools.ruby."platforms.linux-x64-musl"]
checksum = "sha256:ef6228582e85cac460d575236f00f5ba60fb2650c142ddd1b9026ebf03bc2d43"
url = "https://github.com/jdx/ruby/releases/download/3.3.4-4/ruby-3.3.4.x86_64_linux.tar.gz"
provenance = "github-attestations"

[tools.ruby."platforms.macos-arm64"]
checksum = "sha256:cf9bd0b620af300d69554748f4f5cf8a357717770921cdb2f13ac956a7a7ffeb"
url = "https://github.com/jdx/ruby/releases/download/3.3.4-4/ruby-3.3.4.macos.tar.gz"
provenance = "github-attestations"

[tools.ruby."platforms.macos-x64"]
checksum = "sha256:fe6a30f97d54e029768f2ddf4923699c416cdbc3a6e96db3e2d5716c7db96a34"
url = "https://cache.ruby-lang.org/pub/ruby/3.3/ruby-3.3.4.tar.gz"

[[tools.ruby]]
version = "3.3.4"
backend = "core:ruby"

[tools.ruby."platforms.windows-x64"]
url = "https://github.com/oneclick/rubyinstaller2/releases/download/RubyInstaller-3.3.4-1/rubyinstaller-3.3.4-1-x64.7z"
